
Microsoft Visual Studio Solution File, Format Version 12.00
# Visual Studio 15
VisualStudioVersion = 15.0.27130.2026
MinimumVisualStudioVersion = 10.0.40219.1
Project("{9A19103F-16F7-4668-BE54-9A1E7A4F7556}") = "PolymorphismSharpBase", "src\PolymorphismSharpBase\PolymorphismSharpBase.csproj", "{056501EA-AF35-4867-A202-A0D44B66BF1A}"
EndProject
Project("{2150E333-8FDC-42A3-9474-1A3956D46DE8}") = "src", "src", "{6EED6927-0C54-4615-B220-466FF0D8FE94}"
EndProject
Project("{2150E333-8FDC-42A3-9474-1A3956D46DE8}") = "Samples", "Samples", "{29455B00-950A-42DC-8D60-8057D83FF7D2}"
EndProject
Project("{2150E333-8FDC-42A3-9474-1A3956D46DE8}") = "SamplesMultiMethod", "SamplesMultiMethod", "{20B6B664-A39C-400C-9EB3-DABE6593F2FD}"
EndProject
Project("{2150E333-8FDC-42A3-9474-1A3956D46DE8}") = "SamplesPolymorphicMethod", "SamplesPolymorphicMethod", "{A7F96F6F-87CA-4DCA-A461-1260CC181995}"
EndProject
Project("{9A19103F-16F7-4668-BE54-9A1E7A4F7556}") = "Sample5", "Samples\SamplesPolymorphicMethod\Sample5\Sample5.csproj", "{34FD8A67-532F-481F-94FC-EDB866FB3FAA}"
EndProject
Project("{9A19103F-16F7-4668-BE54-9A1E7A4F7556}") = "Sample6", "Samples\SamplesPolymorphicMethod\Sample6\Sample6.csproj", "{91F12941-8227-43A0-9F5B-8181E3686DC1}"
EndProject
Project("{9A19103F-16F7-4668-BE54-9A1E7A4F7556}") = "Sample7", "Samples\SamplesPolymorphicMethod\Sample7\Sample7.csproj", "{8E0932B5-2304-4C08-A471-91F76F9FB10E}"
EndProject
Project("{9A19103F-16F7-4668-BE54-9A1E7A4F7556}") = "Sample8", "Samples\SamplesPolymorphicMethod\Sample8\Sample8.csproj", "{47679662-1C39-476C-B223-1C40F6F5CB90}"
EndProject
Project("{9A19103F-16F7-4668-BE54-9A1E7A4F7556}") = "Sample5", "Samples\SamplesMultiMethod\Sample5\Sample5.csproj", "{BA100139-60E7-4928-91B2-C3D5CC0A64B5}"
EndProject
Project("{9A19103F-16F7-4668-BE54-9A1E7A4F7556}") = "Sample6", "Samples\SamplesMultiMethod\Sample6\Sample6.csproj", "{FEABEE9F-6E2E-4BC4-A17C-A36D09FF2D1D}"
EndProject
Project("{9A19103F-16F7-4668-BE54-9A1E7A4F7556}") = "Sample7", "Samples\SamplesMultiMethod\Sample7\Sample7.csproj", "{F7B17C63-0718-4A65-953E-37926953DA85}"
EndProject
Project("{9A19103F-16F7-4668-BE54-9A1E7A4F7556}") = "Sample8", "Samples\SamplesMultiMethod\Sample8\Sample8.csproj", "{7527FBE6-30F4-4F5E-A9E7-6A5037528503}"
EndProject
Project("{9A19103F-16F7-4668-BE54-9A1E7A4F7556}") = "SamplePolymorphic1", "Samples\SamplesPolymorphicMethod\SamplePolymorphic1\SamplePolymorphic1.csproj", "{09753056-57B7-4D64-97ED-472C9BACA85E}"
EndProject
Project("{9A19103F-16F7-4668-BE54-9A1E7A4F7556}") = "SampleMulti1", "Samples\SamplesMultiMethod\SampleMulti1\SampleMulti1.csproj", "{29A359CA-4766-4607-9569-4C79C381DA7F}"
EndProject
Project("{9A19103F-16F7-4668-BE54-9A1E7A4F7556}") = "SampleMulti2", "Samples\SamplesMultiMethod\SampleMulti2\SampleMulti2.csproj", "{411E281A-3135-4F10-BD88-910E10092CC6}"
EndProject
Project("{9A19103F-16F7-4668-BE54-9A1E7A4F7556}") = "SampleMulti3", "Samples\SamplesMultiMethod\SampleMulti3\SampleMulti3.csproj", "{FD1537A9-F5E3-4484-BAFE-E0228A17D3CC}"
EndProject
Project("{9A19103F-16F7-4668-BE54-9A1E7A4F7556}") = "SamplePolymorphic2", "Samples\SamplesPolymorphicMethod\SamplePolymorphic2\SamplePolymorphic2.csproj", "{54166059-0120-4711-BA4A-91B5D9FFE81C}"
EndProject
Project("{9A19103F-16F7-4668-BE54-9A1E7A4F7556}") = "SamplePolymorphic3", "Samples\SamplesPolymorphicMethod\SamplePolymorphic3\SamplePolymorphic3.csproj", "{AEE55813-BDF3-4572-BF75-CC5394A9D0C4}"
EndProject
Global
	GlobalSection(SolutionConfigurationPlatforms) = preSolution
		Debug|Any CPU = Debug|Any CPU
		Release|Any CPU = Release|Any CPU
	EndGlobalSection
	GlobalSection(ProjectConfigurationPlatforms) = postSolution
		{056501EA-AF35-4867-A202-A0D44B66BF1A}.Debug|Any CPU.ActiveCfg = Debug|Any CPU
		{056501EA-AF35-4867-A202-A0D44B66BF1A}.Debug|Any CPU.Build.0 = Debug|Any CPU
		{056501EA-AF35-4867-A202-A0D44B66BF1A}.Release|Any CPU.ActiveCfg = Release|Any CPU
		{056501EA-AF35-4867-A202-A0D44B66BF1A}.Release|Any CPU.Build.0 = Release|Any CPU
		{34FD8A67-532F-481F-94FC-EDB866FB3FAA}.Debug|Any CPU.ActiveCfg = Debug|Any CPU
		{34FD8A67-532F-481F-94FC-EDB866FB3FAA}.Debug|Any CPU.Build.0 = Debug|Any CPU
		{34FD8A67-532F-481F-94FC-EDB866FB3FAA}.Release|Any CPU.ActiveCfg = Release|Any CPU
		{34FD8A67-532F-481F-94FC-EDB866FB3FAA}.Release|Any CPU.Build.0 = Release|Any CPU
		{91F12941-8227-43A0-9F5B-8181E3686DC1}.Debug|Any CPU.ActiveCfg = Debug|Any CPU
		{91F12941-8227-43A0-9F5B-8181E3686DC1}.Debug|Any CPU.Build.0 = Debug|Any CPU
		{91F12941-8227-43A0-9F5B-8181E3686DC1}.Release|Any CPU.ActiveCfg = Release|Any CPU
		{91F12941-8227-43A0-9F5B-8181E3686DC1}.Release|Any CPU.Build.0 = Release|Any CPU
		{8E0932B5-2304-4C08-A471-91F76F9FB10E}.Debug|Any CPU.ActiveCfg = Debug|Any CPU
		{8E0932B5-2304-4C08-A471-91F76F9FB10E}.Debug|Any CPU.Build.0 = Debug|Any CPU
		{8E0932B5-2304-4C08-A471-91F76F9FB10E}.Release|Any CPU.ActiveCfg = Release|Any CPU
		{8E0932B5-2304-4C08-A471-91F76F9FB10E}.Release|Any CPU.Build.0 = Release|Any CPU
		{47679662-1C39-476C-B223-1C40F6F5CB90}.Debug|Any CPU.ActiveCfg = Debug|Any CPU
		{47679662-1C39-476C-B223-1C40F6F5CB90}.Debug|Any CPU.Build.0 = Debug|Any CPU
		{47679662-1C39-476C-B223-1C40F6F5CB90}.Release|Any CPU.ActiveCfg = Release|Any CPU
		{47679662-1C39-476C-B223-1C40F6F5CB90}.Release|Any CPU.Build.0 = Release|Any CPU
		{BA100139-60E7-4928-91B2-C3D5CC0A64B5}.Debug|Any CPU.ActiveCfg = Debug|Any CPU
		{BA100139-60E7-4928-91B2-C3D5CC0A64B5}.Debug|Any CPU.Build.0 = Debug|Any CPU
		{BA100139-60E7-4928-91B2-C3D5CC0A64B5}.Release|Any CPU.ActiveCfg = Release|Any CPU
		{BA100139-60E7-4928-91B2-C3D5CC0A64B5}.Release|Any CPU.Build.0 = Release|Any CPU
		{FEABEE9F-6E2E-4BC4-A17C-A36D09FF2D1D}.Debug|Any CPU.ActiveCfg = Debug|Any CPU
		{FEABEE9F-6E2E-4BC4-A17C-A36D09FF2D1D}.Debug|Any CPU.Build.0 = Debug|Any CPU
		{FEABEE9F-6E2E-4BC4-A17C-A36D09FF2D1D}.Release|Any CPU.ActiveCfg = Release|Any CPU
		{FEABEE9F-6E2E-4BC4-A17C-A36D09FF2D1D}.Release|Any CPU.Build.0 = Release|Any CPU
		{F7B17C63-0718-4A65-953E-37926953DA85}.Debug|Any CPU.ActiveCfg = Debug|Any CPU
		{F7B17C63-0718-4A65-953E-37926953DA85}.Debug|Any CPU.Build.0 = Debug|Any CPU
		{F7B17C63-0718-4A65-953E-37926953DA85}.Release|Any CPU.ActiveCfg = Release|Any CPU
		{F7B17C63-0718-4A65-953E-37926953DA85}.Release|Any CPU.Build.0 = Release|Any CPU
		{7527FBE6-30F4-4F5E-A9E7-6A5037528503}.Debug|Any CPU.ActiveCfg = Debug|Any CPU
		{7527FBE6-30F4-4F5E-A9E7-6A5037528503}.Debug|Any CPU.Build.0 = Debug|Any CPU
		{7527FBE6-30F4-4F5E-A9E7-6A5037528503}.Release|Any CPU.ActiveCfg = Release|Any CPU
		{7527FBE6-30F4-4F5E-A9E7-6A5037528503}.Release|Any CPU.Build.0 = Release|Any CPU
		{09753056-57B7-4D64-97ED-472C9BACA85E}.Debug|Any CPU.ActiveCfg = Debug|Any CPU
		{09753056-57B7-4D64-97ED-472C9BACA85E}.Debug|Any CPU.Build.0 = Debug|Any CPU
		{09753056-57B7-4D64-97ED-472C9BACA85E}.Release|Any CPU.ActiveCfg = Release|Any CPU
		{09753056-57B7-4D64-97ED-472C9BACA85E}.Release|Any CPU.Build.0 = Release|Any CPU
		{29A359CA-4766-4607-9569-4C79C381DA7F}.Debug|Any CPU.ActiveCfg = Debug|Any CPU
		{29A359CA-4766-4607-9569-4C79C381DA7F}.Debug|Any CPU.Build.0 = Debug|Any CPU
		{29A359CA-4766-4607-9569-4C79C381DA7F}.Release|Any CPU.ActiveCfg = Release|Any CPU
		{29A359CA-4766-4607-9569-4C79C381DA7F}.Release|Any CPU.Build.0 = Release|Any CPU
		{411E281A-3135-4F10-BD88-910E10092CC6}.Debug|Any CPU.ActiveCfg = Debug|Any CPU
		{411E281A-3135-4F10-BD88-910E10092CC6}.Debug|Any CPU.Build.0 = Debug|Any CPU
		{411E281A-3135-4F10-BD88-910E10092CC6}.Release|Any CPU.ActiveCfg = Release|Any CPU
		{411E281A-3135-4F10-BD88-910E10092CC6}.Release|Any CPU.Build.0 = Release|Any CPU
		{FD1537A9-F5E3-4484-BAFE-E0228A17D3CC}.Debug|Any CPU.ActiveCfg = Debug|Any CPU
		{FD1537A9-F5E3-4484-BAFE-E0228A17D3CC}.Debug|Any CPU.Build.0 = Debug|Any CPU
		{FD1537A9-F5E3-4484-BAFE-E0228A17D3CC}.Release|Any CPU.ActiveCfg = Release|Any CPU
		{FD1537A9-F5E3-4484-BAFE-E0228A17D3CC}.Release|Any CPU.Build.0 = Release|Any CPU
		{54166059-0120-4711-BA4A-91B5D9FFE81C}.Debug|Any CPU.ActiveCfg = Debug|Any CPU
		{54166059-0120-4711-BA4A-91B5D9FFE81C}.Debug|Any CPU.Build.0 = Debug|Any CPU
		{54166059-0120-4711-BA4A-91B5D9FFE81C}.Release|Any CPU.ActiveCfg = Release|Any CPU
		{54166059-0120-4711-BA4A-91B5D9FFE81C}.Release|Any CPU.Build.0 = Release|Any CPU
		{AEE55813-BDF3-4572-BF75-CC5394A9D0C4}.Debug|Any CPU.ActiveCfg = Debug|Any CPU
		{AEE55813-BDF3-4572-BF75-CC5394A9D0C4}.Debug|Any CPU.Build.0 = Debug|Any CPU
		{AEE55813-BDF3-4572-BF75-CC5394A9D0C4}.Release|Any CPU.ActiveCfg = Release|Any CPU
		{AEE55813-BDF3-4572-BF75-CC5394A9D0C4}.Release|Any CPU.Build.0 = Release|Any CPU
	EndGlobalSection
	GlobalSection(SolutionProperties) = preSolution
		HideSolutionNode = FALSE
	EndGlobalSection
	GlobalSection(NestedProjects) = preSolution
		{056501EA-AF35-4867-A202-A0D44B66BF1A} = {6EED6927-0C54-4615-B220-466FF0D8FE94}
		{20B6B664-A39C-400C-9EB3-DABE6593F2FD} = {29455B00-950A-42DC-8D60-8057D83FF7D2}
		{A7F96F6F-87CA-4DCA-A461-1260CC181995} = {29455B00-950A-42DC-8D60-8057D83FF7D2}
		{34FD8A67-532F-481F-94FC-EDB866FB3FAA} = {A7F96F6F-87CA-4DCA-A461-1260CC181995}
		{91F12941-8227-43A0-9F5B-8181E3686DC1} = {A7F96F6F-87CA-4DCA-A461-1260CC181995}
		{8E0932B5-2304-4C08-A471-91F76F9FB10E} = {A7F96F6F-87CA-4DCA-A461-1260CC181995}
		{47679662-1C39-476C-B223-1C40F6F5CB90} = {A7F96F6F-87CA-4DCA-A461-1260CC181995}
		{BA100139-60E7-4928-91B2-C3D5CC0A64B5} = {20B6B664-A39C-400C-9EB3-DABE6593F2FD}
		{FEABEE9F-6E2E-4BC4-A17C-A36D09FF2D1D} = {20B6B664-A39C-400C-9EB3-DABE6593F2FD}
		{F7B17C63-0718-4A65-953E-37926953DA85} = {20B6B664-A39C-400C-9EB3-DABE6593F2FD}
		{7527FBE6-30F4-4F5E-A9E7-6A5037528503} = {20B6B664-A39C-400C-9EB3-DABE6593F2FD}
		{09753056-57B7-4D64-97ED-472C9BACA85E} = {A7F96F6F-87CA-4DCA-A461-1260CC181995}
		{29A359CA-4766-4607-9569-4C79C381DA7F} = {20B6B664-A39C-400C-9EB3-DABE6593F2FD}
		{411E281A-3135-4F10-BD88-910E10092CC6} = {20B6B664-A39C-400C-9EB3-DABE6593F2FD}
		{FD1537A9-F5E3-4484-BAFE-E0228A17D3CC} = {20B6B664-A39C-400C-9EB3-DABE6593F2FD}
		{54166059-0120-4711-BA4A-91B5D9FFE81C} = {A7F96F6F-87CA-4DCA-A461-1260CC181995}
		{AEE55813-BDF3-4572-BF75-CC5394A9D0C4} = {A7F96F6F-87CA-4DCA-A461-1260CC181995}
	EndGlobalSection
	GlobalSection(ExtensibilityGlobals) = postSolution
		SolutionGuid = {05AB5FF7-E27B-4293-90CE-61000F96C47B}
	EndGlobalSection
EndGlobal
