
Microsoft Visual Studio Solution File, Format Version 12.00
# Visual Studio 15
VisualStudioVersion = 15.0.27130.2026
MinimumVisualStudioVersion = 10.0.40219.1
Project("{2150E333-8FDC-42A3-9474-1A3956D46DE8}") = "src", "src", "{6EED6927-0C54-4615-B220-466FF0D8FE94}"
EndProject
Project("{2150E333-8FDC-42A3-9474-1A3956D46DE8}") = "Samples", "Samples", "{29455B00-950A-42DC-8D60-8057D83FF7D2}"
EndProject
Project("{2150E333-8FDC-42A3-9474-1A3956D46DE8}") = "SamplesMultiMethod", "SamplesMultiMethod", "{20B6B664-A39C-400C-9EB3-DABE6593F2FD}"
EndProject
Project("{2150E333-8FDC-42A3-9474-1A3956D46DE8}") = "SamplesPolymorphicMethod", "SamplesPolymorphicMethod", "{A7F96F6F-87CA-4DCA-A461-1260CC181995}"
EndProject
Project("{9A19103F-16F7-4668-BE54-9A1E7A4F7556}") = "SamplePolymorphic1", "Samples\SamplesPolymorphicMethod\SamplePolymorphic1\SamplePolymorphic1.csproj", "{09753056-57B7-4D64-97ED-472C9BACA85E}"
EndProject
Project("{9A19103F-16F7-4668-BE54-9A1E7A4F7556}") = "SampleMulti1", "Samples\SamplesMultiMethod\SampleMulti1\SampleMulti1.csproj", "{29A359CA-4766-4607-9569-4C79C381DA7F}"
EndProject
Project("{9A19103F-16F7-4668-BE54-9A1E7A4F7556}") = "SampleMulti2", "Samples\SamplesMultiMethod\SampleMulti2\SampleMulti2.csproj", "{411E281A-3135-4F10-BD88-910E10092CC6}"
EndProject
Project("{9A19103F-16F7-4668-BE54-9A1E7A4F7556}") = "SampleMulti3", "Samples\SamplesMultiMethod\SampleMulti3\SampleMulti3.csproj", "{FD1537A9-F5E3-4484-BAFE-E0228A17D3CC}"
EndProject
Project("{9A19103F-16F7-4668-BE54-9A1E7A4F7556}") = "SamplePolymorphic2", "Samples\SamplesPolymorphicMethod\SamplePolymorphic2\SamplePolymorphic2.csproj", "{54166059-0120-4711-BA4A-91B5D9FFE81C}"
EndProject
Project("{9A19103F-16F7-4668-BE54-9A1E7A4F7556}") = "SamplePolymorphic3", "Samples\SamplesPolymorphicMethod\SamplePolymorphic3\SamplePolymorphic3.csproj", "{AEE55813-BDF3-4572-BF75-CC5394A9D0C4}"
EndProject
Project("{9A19103F-16F7-4668-BE54-9A1E7A4F7556}") = "SamplePolymorphic4", "Samples\SamplesPolymorphicMethod\SamplePolymorphic4\SamplePolymorphic4.csproj", "{C357EC43-E5FE-495A-9FBE-4C2D8D470A4C}"
EndProject
Project("{9A19103F-16F7-4668-BE54-9A1E7A4F7556}") = "SampleMulti4", "Samples\SamplesMultiMethod\SampleMulti4\SampleMulti4.csproj", "{1B0E6506-2C63-45F5-9072-30D526F97857}"
EndProject
Project("{9A19103F-16F7-4668-BE54-9A1E7A4F7556}") = "PolymorphismSharp", "src\PolymorphismSharp\PolymorphismSharp.csproj", "{0C91C2DE-1E77-4AA7-9D14-6A246FB6C518}"
EndProject
Global
	GlobalSection(SolutionConfigurationPlatforms) = preSolution
		Debug|Any CPU = Debug|Any CPU
		Release|Any CPU = Release|Any CPU
	EndGlobalSection
	GlobalSection(ProjectConfigurationPlatforms) = postSolution
		{09753056-57B7-4D64-97ED-472C9BACA85E}.Debug|Any CPU.ActiveCfg = Debug|Any CPU
		{09753056-57B7-4D64-97ED-472C9BACA85E}.Debug|Any CPU.Build.0 = Debug|Any CPU
		{09753056-57B7-4D64-97ED-472C9BACA85E}.Release|Any CPU.ActiveCfg = Release|Any CPU
		{09753056-57B7-4D64-97ED-472C9BACA85E}.Release|Any CPU.Build.0 = Release|Any CPU
		{29A359CA-4766-4607-9569-4C79C381DA7F}.Debug|Any CPU.ActiveCfg = Debug|Any CPU
		{29A359CA-4766-4607-9569-4C79C381DA7F}.Debug|Any CPU.Build.0 = Debug|Any CPU
		{29A359CA-4766-4607-9569-4C79C381DA7F}.Release|Any CPU.ActiveCfg = Release|Any CPU
		{29A359CA-4766-4607-9569-4C79C381DA7F}.Release|Any CPU.Build.0 = Release|Any CPU
		{411E281A-3135-4F10-BD88-910E10092CC6}.Debug|Any CPU.ActiveCfg = Debug|Any CPU
		{411E281A-3135-4F10-BD88-910E10092CC6}.Debug|Any CPU.Build.0 = Debug|Any CPU
		{411E281A-3135-4F10-BD88-910E10092CC6}.Release|Any CPU.ActiveCfg = Release|Any CPU
		{411E281A-3135-4F10-BD88-910E10092CC6}.Release|Any CPU.Build.0 = Release|Any CPU
		{FD1537A9-F5E3-4484-BAFE-E0228A17D3CC}.Debug|Any CPU.ActiveCfg = Debug|Any CPU
		{FD1537A9-F5E3-4484-BAFE-E0228A17D3CC}.Debug|Any CPU.Build.0 = Debug|Any CPU
		{FD1537A9-F5E3-4484-BAFE-E0228A17D3CC}.Release|Any CPU.ActiveCfg = Release|Any CPU
		{FD1537A9-F5E3-4484-BAFE-E0228A17D3CC}.Release|Any CPU.Build.0 = Release|Any CPU
		{54166059-0120-4711-BA4A-91B5D9FFE81C}.Debug|Any CPU.ActiveCfg = Debug|Any CPU
		{54166059-0120-4711-BA4A-91B5D9FFE81C}.Debug|Any CPU.Build.0 = Debug|Any CPU
		{54166059-0120-4711-BA4A-91B5D9FFE81C}.Release|Any CPU.ActiveCfg = Release|Any CPU
		{54166059-0120-4711-BA4A-91B5D9FFE81C}.Release|Any CPU.Build.0 = Release|Any CPU
		{AEE55813-BDF3-4572-BF75-CC5394A9D0C4}.Debug|Any CPU.ActiveCfg = Debug|Any CPU
		{AEE55813-BDF3-4572-BF75-CC5394A9D0C4}.Debug|Any CPU.Build.0 = Debug|Any CPU
		{AEE55813-BDF3-4572-BF75-CC5394A9D0C4}.Release|Any CPU.ActiveCfg = Release|Any CPU
		{AEE55813-BDF3-4572-BF75-CC5394A9D0C4}.Release|Any CPU.Build.0 = Release|Any CPU
		{C357EC43-E5FE-495A-9FBE-4C2D8D470A4C}.Debug|Any CPU.ActiveCfg = Debug|Any CPU
		{C357EC43-E5FE-495A-9FBE-4C2D8D470A4C}.Debug|Any CPU.Build.0 = Debug|Any CPU
		{C357EC43-E5FE-495A-9FBE-4C2D8D470A4C}.Release|Any CPU.ActiveCfg = Release|Any CPU
		{C357EC43-E5FE-495A-9FBE-4C2D8D470A4C}.Release|Any CPU.Build.0 = Release|Any CPU
		{1B0E6506-2C63-45F5-9072-30D526F97857}.Debug|Any CPU.ActiveCfg = Debug|Any CPU
		{1B0E6506-2C63-45F5-9072-30D526F97857}.Debug|Any CPU.Build.0 = Debug|Any CPU
		{1B0E6506-2C63-45F5-9072-30D526F97857}.Release|Any CPU.ActiveCfg = Release|Any CPU
		{1B0E6506-2C63-45F5-9072-30D526F97857}.Release|Any CPU.Build.0 = Release|Any CPU
		{0C91C2DE-1E77-4AA7-9D14-6A246FB6C518}.Debug|Any CPU.ActiveCfg = Debug|Any CPU
		{0C91C2DE-1E77-4AA7-9D14-6A246FB6C518}.Debug|Any CPU.Build.0 = Debug|Any CPU
		{0C91C2DE-1E77-4AA7-9D14-6A246FB6C518}.Release|Any CPU.ActiveCfg = Release|Any CPU
		{0C91C2DE-1E77-4AA7-9D14-6A246FB6C518}.Release|Any CPU.Build.0 = Release|Any CPU
	EndGlobalSection
	GlobalSection(SolutionProperties) = preSolution
		HideSolutionNode = FALSE
	EndGlobalSection
	GlobalSection(NestedProjects) = preSolution
		{20B6B664-A39C-400C-9EB3-DABE6593F2FD} = {29455B00-950A-42DC-8D60-8057D83FF7D2}
		{A7F96F6F-87CA-4DCA-A461-1260CC181995} = {29455B00-950A-42DC-8D60-8057D83FF7D2}
		{09753056-57B7-4D64-97ED-472C9BACA85E} = {A7F96F6F-87CA-4DCA-A461-1260CC181995}
		{29A359CA-4766-4607-9569-4C79C381DA7F} = {20B6B664-A39C-400C-9EB3-DABE6593F2FD}
		{411E281A-3135-4F10-BD88-910E10092CC6} = {20B6B664-A39C-400C-9EB3-DABE6593F2FD}
		{FD1537A9-F5E3-4484-BAFE-E0228A17D3CC} = {20B6B664-A39C-400C-9EB3-DABE6593F2FD}
		{54166059-0120-4711-BA4A-91B5D9FFE81C} = {A7F96F6F-87CA-4DCA-A461-1260CC181995}
		{AEE55813-BDF3-4572-BF75-CC5394A9D0C4} = {A7F96F6F-87CA-4DCA-A461-1260CC181995}
		{C357EC43-E5FE-495A-9FBE-4C2D8D470A4C} = {A7F96F6F-87CA-4DCA-A461-1260CC181995}
		{1B0E6506-2C63-45F5-9072-30D526F97857} = {20B6B664-A39C-400C-9EB3-DABE6593F2FD}
		{0C91C2DE-1E77-4AA7-9D14-6A246FB6C518} = {6EED6927-0C54-4615-B220-466FF0D8FE94}
	EndGlobalSection
	GlobalSection(ExtensibilityGlobals) = postSolution
		SolutionGuid = {05AB5FF7-E27B-4293-90CE-61000F96C47B}
	EndGlobalSection
EndGlobal
