
Microsoft Visual Studio Solution File, Format Version 12.00
# Visual Studio 15
VisualStudioVersion = 15.0.27004.2002
MinimumVisualStudioVersion = 10.0.40219.1
Project("{9A19103F-16F7-4668-BE54-9A1E7A4F7556}") = "SamplePolymorphicMethod2", "SamplePolymorphicMethod2\SamplePolymorphicMethod2.csproj", "{164BA1AA-B07B-435B-BA57-DD0DE583D3EF}"
EndProject
Project("{9A19103F-16F7-4668-BE54-9A1E7A4F7556}") = "SamplePolymorphicMethod1", "SamplePolymorphicMethod1\SamplePolymorphicMethod1.csproj", "{8668B1B3-18A6-480D-9C9B-7AED5D159D49}"
EndProject
Project("{9A19103F-16F7-4668-BE54-9A1E7A4F7556}") = "PolymorphismSharpCore", "PolymorphismSharpCore\PolymorphismSharpCore.csproj", "{9E0C2B96-908B-4FC0-8675-39212192663F}"
EndProject
Project("{9A19103F-16F7-4668-BE54-9A1E7A4F7556}") = "SampleMultiMethod1", "SampleMultiMethod1\SampleMultiMethod1.csproj", "{40D8C4D7-4522-489C-829C-AD1DFC289D56}"
EndProject
Project("{9A19103F-16F7-4668-BE54-9A1E7A4F7556}") = "SampleMultiMethod2", "SampleMultiMethod2\SampleMultiMethod2.csproj", "{67CA66CE-478F-4708-BC28-B0A8A015DACF}"
EndProject
Project("{9A19103F-16F7-4668-BE54-9A1E7A4F7556}") = "SampleMultiMethod3", "SampleMultiMethod3\SampleMultiMethod3.csproj", "{24D1931E-621D-4E54-ABB0-1EECF81ADB25}"
EndProject
Project("{9A19103F-16F7-4668-BE54-9A1E7A4F7556}") = "SamplePolymorphicMethod3", "SamplePolymorphicMethod3\SamplePolymorphicMethod3.csproj", "{CD6A8C03-82AB-4E2C-8FF6-7B783E336CB7}"
EndProject
Project("{9A19103F-16F7-4668-BE54-9A1E7A4F7556}") = "SampleMultiMethod4", "SampleMultiMethod4\SampleMultiMethod4.csproj", "{36B2A7A7-4EFD-49D2-AC20-CA2D9B89BFEB}"
EndProject
Project("{9A19103F-16F7-4668-BE54-9A1E7A4F7556}") = "SamplePolymorphicMethod4", "SamplePolymorphicMethod4\SamplePolymorphicMethod4.csproj", "{1D890F24-8561-4772-B609-B6FB019D966A}"
EndProject
Project("{2150E333-8FDC-42A3-9474-1A3956D46DE8}") = "Samples", "Samples", "{349D3B05-B3C2-4D16-8C00-0440C8F7EB8C}"
EndProject
Global
	GlobalSection(SolutionConfigurationPlatforms) = preSolution
		Debug|Any CPU = Debug|Any CPU
		Release|Any CPU = Release|Any CPU
	EndGlobalSection
	GlobalSection(ProjectConfigurationPlatforms) = postSolution
		{164BA1AA-B07B-435B-BA57-DD0DE583D3EF}.Debug|Any CPU.ActiveCfg = Debug|Any CPU
		{164BA1AA-B07B-435B-BA57-DD0DE583D3EF}.Debug|Any CPU.Build.0 = Debug|Any CPU
		{164BA1AA-B07B-435B-BA57-DD0DE583D3EF}.Release|Any CPU.ActiveCfg = Release|Any CPU
		{164BA1AA-B07B-435B-BA57-DD0DE583D3EF}.Release|Any CPU.Build.0 = Release|Any CPU
		{8668B1B3-18A6-480D-9C9B-7AED5D159D49}.Debug|Any CPU.ActiveCfg = Debug|Any CPU
		{8668B1B3-18A6-480D-9C9B-7AED5D159D49}.Debug|Any CPU.Build.0 = Debug|Any CPU
		{8668B1B3-18A6-480D-9C9B-7AED5D159D49}.Release|Any CPU.ActiveCfg = Release|Any CPU
		{8668B1B3-18A6-480D-9C9B-7AED5D159D49}.Release|Any CPU.Build.0 = Release|Any CPU
		{9E0C2B96-908B-4FC0-8675-39212192663F}.Debug|Any CPU.ActiveCfg = Debug|Any CPU
		{9E0C2B96-908B-4FC0-8675-39212192663F}.Debug|Any CPU.Build.0 = Debug|Any CPU
		{9E0C2B96-908B-4FC0-8675-39212192663F}.Release|Any CPU.ActiveCfg = Release|Any CPU
		{9E0C2B96-908B-4FC0-8675-39212192663F}.Release|Any CPU.Build.0 = Release|Any CPU
		{40D8C4D7-4522-489C-829C-AD1DFC289D56}.Debug|Any CPU.ActiveCfg = Debug|Any CPU
		{40D8C4D7-4522-489C-829C-AD1DFC289D56}.Debug|Any CPU.Build.0 = Debug|Any CPU
		{40D8C4D7-4522-489C-829C-AD1DFC289D56}.Release|Any CPU.ActiveCfg = Release|Any CPU
		{40D8C4D7-4522-489C-829C-AD1DFC289D56}.Release|Any CPU.Build.0 = Release|Any CPU
		{67CA66CE-478F-4708-BC28-B0A8A015DACF}.Debug|Any CPU.ActiveCfg = Debug|Any CPU
		{67CA66CE-478F-4708-BC28-B0A8A015DACF}.Debug|Any CPU.Build.0 = Debug|Any CPU
		{67CA66CE-478F-4708-BC28-B0A8A015DACF}.Release|Any CPU.ActiveCfg = Release|Any CPU
		{67CA66CE-478F-4708-BC28-B0A8A015DACF}.Release|Any CPU.Build.0 = Release|Any CPU
		{24D1931E-621D-4E54-ABB0-1EECF81ADB25}.Debug|Any CPU.ActiveCfg = Debug|Any CPU
		{24D1931E-621D-4E54-ABB0-1EECF81ADB25}.Debug|Any CPU.Build.0 = Debug|Any CPU
		{24D1931E-621D-4E54-ABB0-1EECF81ADB25}.Release|Any CPU.ActiveCfg = Release|Any CPU
		{24D1931E-621D-4E54-ABB0-1EECF81ADB25}.Release|Any CPU.Build.0 = Release|Any CPU
		{CD6A8C03-82AB-4E2C-8FF6-7B783E336CB7}.Debug|Any CPU.ActiveCfg = Debug|Any CPU
		{CD6A8C03-82AB-4E2C-8FF6-7B783E336CB7}.Debug|Any CPU.Build.0 = Debug|Any CPU
		{CD6A8C03-82AB-4E2C-8FF6-7B783E336CB7}.Release|Any CPU.ActiveCfg = Release|Any CPU
		{CD6A8C03-82AB-4E2C-8FF6-7B783E336CB7}.Release|Any CPU.Build.0 = Release|Any CPU
		{36B2A7A7-4EFD-49D2-AC20-CA2D9B89BFEB}.Debug|Any CPU.ActiveCfg = Debug|Any CPU
		{36B2A7A7-4EFD-49D2-AC20-CA2D9B89BFEB}.Debug|Any CPU.Build.0 = Debug|Any CPU
		{36B2A7A7-4EFD-49D2-AC20-CA2D9B89BFEB}.Release|Any CPU.ActiveCfg = Release|Any CPU
		{36B2A7A7-4EFD-49D2-AC20-CA2D9B89BFEB}.Release|Any CPU.Build.0 = Release|Any CPU
		{1D890F24-8561-4772-B609-B6FB019D966A}.Debug|Any CPU.ActiveCfg = Debug|Any CPU
		{1D890F24-8561-4772-B609-B6FB019D966A}.Debug|Any CPU.Build.0 = Debug|Any CPU
		{1D890F24-8561-4772-B609-B6FB019D966A}.Release|Any CPU.ActiveCfg = Release|Any CPU
		{1D890F24-8561-4772-B609-B6FB019D966A}.Release|Any CPU.Build.0 = Release|Any CPU
	EndGlobalSection
	GlobalSection(SolutionProperties) = preSolution
		HideSolutionNode = FALSE
	EndGlobalSection
	GlobalSection(NestedProjects) = preSolution
		{164BA1AA-B07B-435B-BA57-DD0DE583D3EF} = {349D3B05-B3C2-4D16-8C00-0440C8F7EB8C}
		{8668B1B3-18A6-480D-9C9B-7AED5D159D49} = {349D3B05-B3C2-4D16-8C00-0440C8F7EB8C}
		{40D8C4D7-4522-489C-829C-AD1DFC289D56} = {349D3B05-B3C2-4D16-8C00-0440C8F7EB8C}
		{67CA66CE-478F-4708-BC28-B0A8A015DACF} = {349D3B05-B3C2-4D16-8C00-0440C8F7EB8C}
		{24D1931E-621D-4E54-ABB0-1EECF81ADB25} = {349D3B05-B3C2-4D16-8C00-0440C8F7EB8C}
		{CD6A8C03-82AB-4E2C-8FF6-7B783E336CB7} = {349D3B05-B3C2-4D16-8C00-0440C8F7EB8C}
		{36B2A7A7-4EFD-49D2-AC20-CA2D9B89BFEB} = {349D3B05-B3C2-4D16-8C00-0440C8F7EB8C}
		{1D890F24-8561-4772-B609-B6FB019D966A} = {349D3B05-B3C2-4D16-8C00-0440C8F7EB8C}
	EndGlobalSection
	GlobalSection(ExtensibilityGlobals) = postSolution
		SolutionGuid = {05AB5FF7-E27B-4293-90CE-61000F96C47B}
	EndGlobalSection
EndGlobal
